<?xml version="1.0" encoding="utf-8"?>
<Project ToolsVersion="4.0" xmlns="http://schemas.microsoft.com/developer/msbuild/2003">
  <ItemGroup>
    <Filter Include="Source Files">
      <UniqueIdentifier>{4FC737F1-C7A5-4376-A066-2A32D752A2FF}</UniqueIdentifier>
      <Extensions>cpp;c;cc;cxx;c++;cppm;ixx;def;odl;idl;hpj;bat;asm;asmx</Extensions>
    </Filter>
    <Filter Include="Header Files">
      <UniqueIdentifier>{93995380-89BD-4b04-88EB-625FBE52EBFB}</UniqueIdentifier>
      <Extensions>h;hh;hpp;hxx;h++;hm;inl;inc;ipp;xsd</Extensions>
    </Filter>
    <Filter Include="Resource Files">
      <UniqueIdentifier>{67DA6AB6-F800-4c08-8B7A-83BB121AAD01}</UniqueIdentifier>
      <Extensions>rc;ico;cur;bmp;dlg;rc2;rct;bin;rgs;gif;jpg;jpeg;jpe;resx;tiff;tif;png;wav;mfcribbon-ms</Extensions>
    </Filter>
    <Filter Include="Source Files\Scenes">
      <UniqueIdentifier>{95346b02-6446-458b-a44d-79b8a1b72767}</UniqueIdentifier>
    </Filter>
    <Filter Include="Source Files\GameObjects">
      <UniqueIdentifier>{5316fa13-87a2-4625-963f-6e475023a0a5}</UniqueIdentifier>
    </Filter>
    <Filter Include="Source Files\GameObjects\SurvivalGame">
      <UniqueIdentifier>{b3f34004-5969-404b-93a1-5ffb7a8f9a77}</UniqueIdentifier>
    </Filter>
    <Filter Include="Source Files\GameObjects\TestObjects">
      <UniqueIdentifier>{c745f2a0-d041-447d-a2d8-88d9ad92d570}</UniqueIdentifier>
    </Filter>
    <Filter Include="Source Files\Scenes\SurvivalGame">
      <UniqueIdentifier>{f69bd648-50dd-4994-8a1a-57d95d4e2f4f}</UniqueIdentifier>
    </Filter>
  </ItemGroup>
  <ItemGroup>
    <ClCompile Include="main.cpp">
      <Filter>Source Files</Filter>
    </ClCompile>
    <ClCompile Include="Scenes\MainScene.cpp">
      <Filter>Source Files\Scenes</Filter>
    </ClCompile>
    <ClCompile Include="Scenes\Subscene.cpp">
      <Filter>Source Files\Scenes</Filter>
    </ClCompile>
    <ClCompile Include="Scenes\PhysXTest.cpp">
      <Filter>Source Files\Scenes</Filter>
    </ClCompile>
    <ClCompile Include="Scenes\FPSTest.cpp">
      <Filter>Source Files\Scenes</Filter>
    </ClCompile>
    <ClCompile Include="GameObjects\SurvivalCharacter.cpp">
      <Filter>Source Files\GameObjects\SurvivalGame</Filter>
    </ClCompile>
    <ClCompile Include="Scenes\SurvivalScene.cpp">
      <Filter>Source Files\Scenes\SurvivalGame</Filter>
    </ClCompile>
    <ClCompile Include="GameObjects\SurvivalSun.cpp">
      <Filter>Source Files\GameObjects\SurvivalGame</Filter>
    </ClCompile>
    <ClCompile Include="GameObjects\Boxes.cpp">
      <Filter>Source Files\GameObjects\TestObjects</Filter>
    </ClCompile>
    <ClCompile Include="GameObjects\Bullet.cpp">
      <Filter>Source Files\GameObjects\TestObjects</Filter>
    </ClCompile>
    <ClCompile Include="GameObjects\Character.cpp">
      <Filter>Source Files\GameObjects\TestObjects</Filter>
    </ClCompile>
    <ClCompile Include="GameObjects\DirectionalLightGameObject.cpp">
      <Filter>Source Files\GameObjects\TestObjects</Filter>
    </ClCompile>
    <ClCompile Include="GameObjects\FreeCamera.cpp">
      <Filter>Source Files\GameObjects\TestObjects</Filter>
    </ClCompile>
    <ClCompile Include="GameObjects\GameTerrain.cpp">
      <Filter>Source Files\GameObjects\TestObjects</Filter>
    </ClCompile>
    <ClCompile Include="GameObjects\LargePlane.cpp">
      <Filter>Source Files\GameObjects\TestObjects</Filter>
    </ClCompile>
    <ClCompile Include="GameObjects\LightObject.cpp">
      <Filter>Source Files\GameObjects\TestObjects</Filter>
    </ClCompile>
    <ClCompile Include="GameObjects\Player.cpp">
      <Filter>Source Files\GameObjects\TestObjects</Filter>
    </ClCompile>
    <ClCompile Include="GameObjects\RigidBox.cpp">
      <Filter>Source Files\GameObjects\TestObjects</Filter>
    </ClCompile>
    <ClCompile Include="GameObjects\Tree.cpp">
      <Filter>Source Files\GameObjects\TestObjects</Filter>
    </ClCompile>
    <ClCompile Include="GameObjects\SurvivalTerrain.cpp">
      <Filter>Source Files\GameObjects\SurvivalGame</Filter>
    </ClCompile>
    <ClCompile Include="GameObjects\SurvivalTree.cpp">
      <Filter>Source Files\GameObjects\SurvivalGame</Filter>
    </ClCompile>
    <ClCompile Include="GameObjects\SurvivalWater.cpp">
      <Filter>Source Files\GameObjects\SurvivalGame</Filter>
    </ClCompile>
    <ClCompile Include="Scenes\SurvivalLogin.cpp">
      <Filter>Source Files\Scenes\SurvivalGame</Filter>
    </ClCompile>
    <ClCompile Include="GameObjects\SurvivalLoginUI.cpp">
      <Filter>Source Files\GameObjects\SurvivalGame</Filter>
    </ClCompile>
    <ClCompile Include="Scenes\SurvivalNetworkManager.cpp">
      <Filter>Source Files\Scenes\SurvivalGame</Filter>
    </ClCompile>
    <ClCompile Include="GameObjects\SurvivalServerFreeCamera.cpp">
      <Filter>Source Files\GameObjects\SurvivalGame</Filter>
    </ClCompile>
    <ClCompile Include="GameObjects\SurvivalCrate.cpp">
      <Filter>Source Files\GameObjects\SurvivalGame</Filter>
    </ClCompile>
  </ItemGroup>
  <ItemGroup>
    <ClInclude Include="Scenes\MainScene.h">
      <Filter>Source Files\Scenes</Filter>
    </ClInclude>
    <ClInclude Include="Scenes\Subscene.h">
      <Filter>Source Files\Scenes</Filter>
    </ClInclude>
    <ClInclude Include="Scenes\PhysXTest.h">
      <Filter>Source Files\Scenes</Filter>
    </ClInclude>
    <ClInclude Include="Scenes\FPSTest.h">
      <Filter>Source Files\Scenes</Filter>
    </ClInclude>
    <ClInclude Include="GameObjects\SurvivalCharacter.h">
      <Filter>Source Files\GameObjects\SurvivalGame</Filter>
    </ClInclude>
    <ClInclude Include="Scenes\SurvivalScene.h">
      <Filter>Source Files\Scenes\SurvivalGame</Filter>
    </ClInclude>
    <ClInclude Include="GameObjects\SurvivalSun.h">
      <Filter>Source Files\GameObjects\SurvivalGame</Filter>
    </ClInclude>
    <ClInclude Include="GameObjects\Boxes.h">
      <Filter>Source Files\GameObjects\TestObjects</Filter>
    </ClInclude>
    <ClInclude Include="GameObjects\Bullet.h">
      <Filter>Source Files\GameObjects\TestObjects</Filter>
    </ClInclude>
    <ClInclude Include="GameObjects\Character.h">
      <Filter>Source Files\GameObjects\TestObjects</Filter>
    </ClInclude>
    <ClInclude Include="GameObjects\DirectionalLightGameObject.h">
      <Filter>Source Files\GameObjects\TestObjects</Filter>
    </ClInclude>
    <ClInclude Include="GameObjects\FreeCamera.h">
      <Filter>Source Files\GameObjects\TestObjects</Filter>
    </ClInclude>
    <ClInclude Include="GameObjects\GameTerrain.h">
      <Filter>Source Files\GameObjects\TestObjects</Filter>
    </ClInclude>
    <ClInclude Include="GameObjects\LargePlane.h">
      <Filter>Source Files\GameObjects\TestObjects</Filter>
    </ClInclude>
    <ClInclude Include="GameObjects\LightObject.h">
      <Filter>Source Files\GameObjects\TestObjects</Filter>
    </ClInclude>
    <ClInclude Include="GameObjects\Player.h">
      <Filter>Source Files\GameObjects\TestObjects</Filter>
    </ClInclude>
    <ClInclude Include="GameObjects\RigidBox.h">
      <Filter>Source Files\GameObjects\TestObjects</Filter>
    </ClInclude>
    <ClInclude Include="GameObjects\Tree.h">
      <Filter>Source Files\GameObjects\TestObjects</Filter>
    </ClInclude>
    <ClInclude Include="GameObjects\SurvivalTerrain.h">
      <Filter>Source Files\GameObjects\SurvivalGame</Filter>
    </ClInclude>
    <ClInclude Include="GameObjects\SurvivalTree.h">
      <Filter>Source Files\GameObjects\SurvivalGame</Filter>
    </ClInclude>
    <ClInclude Include="GameObjects\SurvivalWater.h">
      <Filter>Source Files\GameObjects\SurvivalGame</Filter>
    </ClInclude>
    <ClInclude Include="Scenes\SurvivalLogin.h">
      <Filter>Source Files\Scenes\SurvivalGame</Filter>
    </ClInclude>
    <ClInclude Include="GameObjects\SurvivalLoginUI.h">
      <Filter>Source Files\GameObjects\SurvivalGame</Filter>
    </ClInclude>
    <ClInclude Include="Scenes\SurvivalNetworkManager.h">
      <Filter>Source Files\Scenes\SurvivalGame</Filter>
    </ClInclude>
    <ClInclude Include="GameObjects\SurvivalServerFreeCamera.h">
      <Filter>Source Files\GameObjects\SurvivalGame</Filter>
    </ClInclude>
    <ClInclude Include="GameObjects\SurvivalCrate.h">
      <Filter>Source Files\GameObjects\SurvivalGame</Filter>
    </ClInclude>
  </ItemGroup>
</Project>