
Microsoft Visual Studio Solution File, Format Version 12.00
# Visual Studio Version 17
VisualStudioVersion = 17.7.34221.43
MinimumVisualStudioVersion = 10.0.40219.1
Project("{8BC9CEB8-8B4A-11D0-8D11-00A0C91BC942}") = "GameEngine", "GameEngine\GameEngine.vcxproj", "{48AE9F95-F35D-44D7-9AAD-1AE66C659832}"
EndProject
Project("{8BC9CEB8-8B4A-11D0-8D11-00A0C91BC942}") = "Game", "Game\Game.vcxproj", "{882B53FB-96C5-46BA-B615-A947E75B03F7}"
EndProject
Project("{8BC9CEB8-8B4A-11D0-8D11-00A0C91BC942}") = "FPS", "FPS\FPS.vcxproj", "{B92335CD-A7B5-466F-B9B8-EC78479E4010}"
EndProject
Global
	GlobalSection(SolutionConfigurationPlatforms) = preSolution
		DebugClient|x64 = DebugClient|x64
		DebugClient|x86 = DebugClient|x86
		DebugServer|x64 = DebugServer|x64
		DebugServer|x86 = DebugServer|x86
		ReleaseClient|x64 = ReleaseClient|x64
		ReleaseClient|x86 = ReleaseClient|x86
		ReleaseServer|x64 = ReleaseServer|x64
		ReleaseServer|x86 = ReleaseServer|x86
	EndGlobalSection
	GlobalSection(ProjectConfigurationPlatforms) = postSolution
		{48AE9F95-F35D-44D7-9AAD-1AE66C659832}.DebugClient|x64.ActiveCfg = DebugClient|x64
		{48AE9F95-F35D-44D7-9AAD-1AE66C659832}.DebugClient|x64.Build.0 = DebugClient|x64
		{48AE9F95-F35D-44D7-9AAD-1AE66C659832}.DebugClient|x86.ActiveCfg = DebugClient|Win32
		{48AE9F95-F35D-44D7-9AAD-1AE66C659832}.DebugClient|x86.Build.0 = DebugClient|Win32
		{48AE9F95-F35D-44D7-9AAD-1AE66C659832}.DebugServer|x64.ActiveCfg = DebugServer|x64
		{48AE9F95-F35D-44D7-9AAD-1AE66C659832}.DebugServer|x64.Build.0 = DebugServer|x64
		{48AE9F95-F35D-44D7-9AAD-1AE66C659832}.DebugServer|x86.ActiveCfg = DebugServer|Win32
		{48AE9F95-F35D-44D7-9AAD-1AE66C659832}.DebugServer|x86.Build.0 = DebugServer|Win32
		{48AE9F95-F35D-44D7-9AAD-1AE66C659832}.ReleaseClient|x64.ActiveCfg = ReleaseClient|x64
		{48AE9F95-F35D-44D7-9AAD-1AE66C659832}.ReleaseClient|x64.Build.0 = ReleaseClient|x64
		{48AE9F95-F35D-44D7-9AAD-1AE66C659832}.ReleaseClient|x86.ActiveCfg = ReleaseClient|Win32
		{48AE9F95-F35D-44D7-9AAD-1AE66C659832}.ReleaseClient|x86.Build.0 = ReleaseClient|Win32
		{48AE9F95-F35D-44D7-9AAD-1AE66C659832}.ReleaseServer|x64.ActiveCfg = ReleaseServer|x64
		{48AE9F95-F35D-44D7-9AAD-1AE66C659832}.ReleaseServer|x64.Build.0 = ReleaseServer|x64
		{48AE9F95-F35D-44D7-9AAD-1AE66C659832}.ReleaseServer|x86.ActiveCfg = ReleaseServer|Win32
		{48AE9F95-F35D-44D7-9AAD-1AE66C659832}.ReleaseServer|x86.Build.0 = ReleaseServer|Win32
		{882B53FB-96C5-46BA-B615-A947E75B03F7}.DebugClient|x64.ActiveCfg = DebugClient|x64
		{882B53FB-96C5-46BA-B615-A947E75B03F7}.DebugClient|x64.Build.0 = DebugClient|x64
		{882B53FB-96C5-46BA-B615-A947E75B03F7}.DebugClient|x86.ActiveCfg = DebugClient|Win32
		{882B53FB-96C5-46BA-B615-A947E75B03F7}.DebugClient|x86.Build.0 = DebugClient|Win32
		{882B53FB-96C5-46BA-B615-A947E75B03F7}.DebugServer|x64.ActiveCfg = DebugServer|x64
		{882B53FB-96C5-46BA-B615-A947E75B03F7}.DebugServer|x64.Build.0 = DebugServer|x64
		{882B53FB-96C5-46BA-B615-A947E75B03F7}.DebugServer|x86.ActiveCfg = DebugServer|Win32
		{882B53FB-96C5-46BA-B615-A947E75B03F7}.DebugServer|x86.Build.0 = DebugServer|Win32
		{882B53FB-96C5-46BA-B615-A947E75B03F7}.ReleaseClient|x64.ActiveCfg = ReleaseClient|x64
		{882B53FB-96C5-46BA-B615-A947E75B03F7}.ReleaseClient|x64.Build.0 = ReleaseClient|x64
		{882B53FB-96C5-46BA-B615-A947E75B03F7}.ReleaseClient|x86.ActiveCfg = ReleaseClient|Win32
		{882B53FB-96C5-46BA-B615-A947E75B03F7}.ReleaseClient|x86.Build.0 = ReleaseClient|Win32
		{882B53FB-96C5-46BA-B615-A947E75B03F7}.ReleaseServer|x64.ActiveCfg = ReleaseServer|x64
		{882B53FB-96C5-46BA-B615-A947E75B03F7}.ReleaseServer|x64.Build.0 = ReleaseServer|x64
		{882B53FB-96C5-46BA-B615-A947E75B03F7}.ReleaseServer|x86.ActiveCfg = ReleaseServer|Win32
		{882B53FB-96C5-46BA-B615-A947E75B03F7}.ReleaseServer|x86.Build.0 = ReleaseServer|Win32
		{B92335CD-A7B5-466F-B9B8-EC78479E4010}.DebugClient|x64.ActiveCfg = DebugClient|x64
		{B92335CD-A7B5-466F-B9B8-EC78479E4010}.DebugClient|x64.Build.0 = DebugClient|x64
		{B92335CD-A7B5-466F-B9B8-EC78479E4010}.DebugClient|x86.ActiveCfg = Debug|Win32
		{B92335CD-A7B5-466F-B9B8-EC78479E4010}.DebugClient|x86.Build.0 = Debug|Win32
		{B92335CD-A7B5-466F-B9B8-EC78479E4010}.DebugServer|x64.ActiveCfg = DebugServer|x64
		{B92335CD-A7B5-466F-B9B8-EC78479E4010}.DebugServer|x64.Build.0 = DebugServer|x64
		{B92335CD-A7B5-466F-B9B8-EC78479E4010}.DebugServer|x86.ActiveCfg = Debug|Win32
		{B92335CD-A7B5-466F-B9B8-EC78479E4010}.DebugServer|x86.Build.0 = Debug|Win32
		{B92335CD-A7B5-466F-B9B8-EC78479E4010}.ReleaseClient|x64.ActiveCfg = ReleaseClient|x64
		{B92335CD-A7B5-466F-B9B8-EC78479E4010}.ReleaseClient|x64.Build.0 = ReleaseClient|x64
		{B92335CD-A7B5-466F-B9B8-EC78479E4010}.ReleaseClient|x86.ActiveCfg = Release|Win32
		{B92335CD-A7B5-466F-B9B8-EC78479E4010}.ReleaseClient|x86.Build.0 = Release|Win32
		{B92335CD-A7B5-466F-B9B8-EC78479E4010}.ReleaseServer|x64.ActiveCfg = ReleaseServer|x64
		{B92335CD-A7B5-466F-B9B8-EC78479E4010}.ReleaseServer|x64.Build.0 = ReleaseServer|x64
		{B92335CD-A7B5-466F-B9B8-EC78479E4010}.ReleaseServer|x86.ActiveCfg = Release|Win32
		{B92335CD-A7B5-466F-B9B8-EC78479E4010}.ReleaseServer|x86.Build.0 = Release|Win32
	EndGlobalSection
	GlobalSection(SolutionProperties) = preSolution
		HideSolutionNode = FALSE
	EndGlobalSection
	GlobalSection(ExtensibilityGlobals) = postSolution
		SolutionGuid = {F34CE3CE-1587-461E-8EE4-28E3F674B4C4}
	EndGlobalSection
EndGlobal
